
Microsoft Visual Studio Solution File, Format Version 12.00
# Visual Studio Version 16
VisualStudioVersion = 16.0.32630.194
MinimumVisualStudioVersion = 10.0.40219.1
Project("{FAE04EC0-301F-11D3-BF4B-00C04F79EFBC}") = "HelpSystem", "HelpSystem\HelpSystem.csproj", "{1A8A6E3E-EAFE-46F7-BAE1-5639F8DE9517}"
EndProject
Global
	GlobalSection(SolutionConfigurationPlatforms) = preSolution
		Debug|Any CPU = Debug|Any CPU
		Release|Any CPU = Release|Any CPU
	EndGlobalSection
	GlobalSection(ProjectConfigurationPlatforms) = postSolution
		{1A8A6E3E-EAFE-46F7-BAE1-5639F8DE9517}.Debug|Any CPU.ActiveCfg = Debug|Any CPU
		{1A8A6E3E-EAFE-46F7-BAE1-5639F8DE9517}.Debug|Any CPU.Build.0 = Debug|Any CPU
		{1A8A6E3E-EAFE-46F7-BAE1-5639F8DE9517}.Release|Any CPU.ActiveCfg = Release|Any CPU
		{1A8A6E3E-EAFE-46F7-BAE1-5639F8DE9517}.Release|Any CPU.Build.0 = Release|Any CPU
	EndGlobalSection
	GlobalSection(SolutionProperties) = preSolution
		HideSolutionNode = FALSE
	EndGlobalSection
	GlobalSection(ExtensibilityGlobals) = postSolution
		SolutionGuid = {52491F9A-CE01-43B6-9516-E22CA92A1337}
	EndGlobalSection
EndGlobal
